
Microsoft Visual Studio Solution File, Format Version 12.00
# Visual Studio Version 17
VisualStudioVersion = 17.0.31903.59
MinimumVisualStudioVersion = 10.0.40219.1
Project("{FAE04EC0-301F-11D3-BF4B-00C04F79EFBC}") = "O1", "O1\O1.csproj", "{6E81EFD4-11E8-46C8-AB6F-78E9950C91CA}"
EndProject
Global
	GlobalSection(SolutionConfigurationPlatforms) = preSolution
		Debug|Any CPU = Debug|Any CPU
		Release|Any CPU = Release|Any CPU
	EndGlobalSection
	GlobalSection(SolutionProperties) = preSolution
		HideSolutionNode = FALSE
	EndGlobalSection
	GlobalSection(ProjectConfigurationPlatforms) = postSolution
		{6E81EFD4-11E8-46C8-AB6F-78E9950C91CA}.Debug|Any CPU.ActiveCfg = Debug|Any CPU
		{6E81EFD4-11E8-46C8-AB6F-78E9950C91CA}.Debug|Any CPU.Build.0 = Debug|Any CPU
		{6E81EFD4-11E8-46C8-AB6F-78E9950C91CA}.Release|Any CPU.ActiveCfg = Release|Any CPU
		{6E81EFD4-11E8-46C8-AB6F-78E9950C91CA}.Release|Any CPU.Build.0 = Release|Any CPU
	EndGlobalSection
EndGlobal
